// !$*UTF8*$!
{
	archiveVersion = 1;
	classes = {
	};
	objectVersion = 55;
	objects = {

/* Begin PBXBuildFile section */
		547CD83B600924AB9F0A7791 /* Pods_PracticeTimer.framework in Frameworks */ = {isa = PBXBuildFile; fileRef = CA2F7030AB6244800BA40C4B /* Pods_PracticeTimer.framework */; };
		C516FCBB28318E020068EA05 /* Jobs in Resources */ = {isa = PBXBuildFile; fileRef = C516FCBA28318E020068EA05 /* Jobs */; };
		C516FCE328357B170068EA05 /* IntervalRow.swift in Sources */ = {isa = PBXBuildFile; fileRef = C516FCE228357B170068EA05 /* IntervalRow.swift */; };
		C516FCE5283582470068EA05 /* AddInterval.swift in Sources */ = {isa = PBXBuildFile; fileRef = C516FCE4283582470068EA05 /* AddInterval.swift */; };
		C51D3D202827E53D0030ED16 /* PauseView.swift in Sources */ = {isa = PBXBuildFile; fileRef = C51D3D1F2827E53D0030ED16 /* PauseView.swift */; };
		C51D3D22282A53460030ED16 /* Tools.swift in Sources */ = {isa = PBXBuildFile; fileRef = C51D3D21282A53460030ED16 /* Tools.swift */; };
		C52C97CD282DB46600DF96EB /* ActivityView.swift in Sources */ = {isa = PBXBuildFile; fileRef = C52C97CC282DB46600DF96EB /* ActivityView.swift */; };
		C54F0B4C282A83D80091E04F /* SoundPlayer.swift in Sources */ = {isa = PBXBuildFile; fileRef = C54F0B4B282A83D80091E04F /* SoundPlayer.swift */; };
		C54F0B4F282A83FC0091E04F /* longBeep.wav in Resources */ = {isa = PBXBuildFile; fileRef = C54F0B4E282A83FC0091E04F /* longBeep.wav */; };
		C54F0B51282A84070091E04F /* shortBeep.wav in Resources */ = {isa = PBXBuildFile; fileRef = C54F0B50282A84070091E04F /* shortBeep.wav */; };
		C56179EB282BA6DC00844D80 /* SettingsView.swift in Sources */ = {isa = PBXBuildFile; fileRef = C56179EA282BA6DC00844D80 /* SettingsView.swift */; };
		C56179ED282BA75600844D80 /* Components.swift in Sources */ = {isa = PBXBuildFile; fileRef = C56179EC282BA75600844D80 /* Components.swift */; };
		C56179EF282BEF0100844D80 /* ActivityCardView.swift in Sources */ = {isa = PBXBuildFile; fileRef = C56179EE282BEF0100844D80 /* ActivityCardView.swift */; };
		C56E747E283983EB00C38D5D /* ScheduleView.swift in Sources */ = {isa = PBXBuildFile; fileRef = C56E747D283983EB00C38D5D /* ScheduleView.swift */; };
		C58C632228626443005DB0C3 /* MainView.swift in Sources */ = {isa = PBXBuildFile; fileRef = C58C632128626443005DB0C3 /* MainView.swift */; };
		C59397AD28522547009C4D6D /* SlotRow.swift in Sources */ = {isa = PBXBuildFile; fileRef = C59397AC28522547009C4D6D /* SlotRow.swift */; };
		C5CA1FE7284D3C0300179692 /* RealmManager.swift in Sources */ = {isa = PBXBuildFile; fileRef = C5CA1FE6284D3C0300179692 /* RealmManager.swift */; };
		C5DFEBB5285C926800AB9239 /* SessionRow.swift in Sources */ = {isa = PBXBuildFile; fileRef = C5DFEBB4285C926800AB9239 /* SessionRow.swift */; };
		C5EE2A02281DB50800F1FD2F /* PracticeTimerApp.swift in Sources */ = {isa = PBXBuildFile; fileRef = C5EE2A01281DB50800F1FD2F /* PracticeTimerApp.swift */; };
		C5EE2A04281DB50800F1FD2F /* ContentView.swift in Sources */ = {isa = PBXBuildFile; fileRef = C5EE2A03281DB50800F1FD2F /* ContentView.swift */; };
		C5EE2A06281DB50C00F1FD2F /* Assets.xcassets in Resources */ = {isa = PBXBuildFile; fileRef = C5EE2A05281DB50C00F1FD2F /* Assets.xcassets */; };
		C5EE2A09281DB50C00F1FD2F /* Preview Assets.xcassets in Resources */ = {isa = PBXBuildFile; fileRef = C5EE2A08281DB50C00F1FD2F /* Preview Assets.xcassets */; };
		C5EE2A10282115E300F1FD2F /* Controller.swift in Sources */ = {isa = PBXBuildFile; fileRef = C5EE2A0F282115E300F1FD2F /* Controller.swift */; };
/* End PBXBuildFile section */

/* Begin PBXFileReference section */
		2F2D4609B2E111A61A70E4AE /* Pods-PracticeTimer.debug.xcconfig */ = {isa = PBXFileReference; includeInIndex = 1; lastKnownFileType = text.xcconfig; name = "Pods-PracticeTimer.debug.xcconfig"; path = "Target Support Files/Pods-PracticeTimer/Pods-PracticeTimer.debug.xcconfig"; sourceTree = "<group>"; };
		C516FCBA28318E020068EA05 /* Jobs */ = {isa = PBXFileReference; lastKnownFileType = text; path = Jobs; sourceTree = "<group>"; };
		C516FCE228357B170068EA05 /* IntervalRow.swift */ = {isa = PBXFileReference; lastKnownFileType = sourcecode.swift; path = IntervalRow.swift; sourceTree = "<group>"; };
		C516FCE4283582470068EA05 /* AddInterval.swift */ = {isa = PBXFileReference; lastKnownFileType = sourcecode.swift; path = AddInterval.swift; sourceTree = "<group>"; };
		C51D3D1F2827E53D0030ED16 /* PauseView.swift */ = {isa = PBXFileReference; lastKnownFileType = sourcecode.swift; path = PauseView.swift; sourceTree = "<group>"; };
		C51D3D21282A53460030ED16 /* Tools.swift */ = {isa = PBXFileReference; lastKnownFileType = sourcecode.swift; path = Tools.swift; sourceTree = "<group>"; };
		C52C97CC282DB46600DF96EB /* ActivityView.swift */ = {isa = PBXFileReference; lastKnownFileType = sourcecode.swift; path = ActivityView.swift; sourceTree = "<group>"; };
		C54F0B4B282A83D80091E04F /* SoundPlayer.swift */ = {isa = PBXFileReference; lastKnownFileType = sourcecode.swift; path = SoundPlayer.swift; sourceTree = "<group>"; };
		C54F0B4E282A83FC0091E04F /* longBeep.wav */ = {isa = PBXFileReference; lastKnownFileType = audio.wav; name = longBeep.wav; path = PracticeTimer/longBeep.wav; sourceTree = SOURCE_ROOT; };
		C54F0B50282A84070091E04F /* shortBeep.wav */ = {isa = PBXFileReference; lastKnownFileType = audio.wav; path = shortBeep.wav; sourceTree = "<group>"; };
		C56179EA282BA6DC00844D80 /* SettingsView.swift */ = {isa = PBXFileReference; lastKnownFileType = sourcecode.swift; path = SettingsView.swift; sourceTree = "<group>"; };
		C56179EC282BA75600844D80 /* Components.swift */ = {isa = PBXFileReference; lastKnownFileType = sourcecode.swift; path = Components.swift; sourceTree = "<group>"; };
		C56179EE282BEF0100844D80 /* ActivityCardView.swift */ = {isa = PBXFileReference; lastKnownFileType = sourcecode.swift; path = ActivityCardView.swift; sourceTree = "<group>"; };
		C56E747D283983EB00C38D5D /* ScheduleView.swift */ = {isa = PBXFileReference; lastKnownFileType = sourcecode.swift; path = ScheduleView.swift; sourceTree = "<group>"; };
		C58C632128626443005DB0C3 /* MainView.swift */ = {isa = PBXFileReference; lastKnownFileType = sourcecode.swift; path = MainView.swift; sourceTree = "<group>"; };
		C59397AC28522547009C4D6D /* SlotRow.swift */ = {isa = PBXFileReference; lastKnownFileType = sourcecode.swift; path = SlotRow.swift; sourceTree = "<group>"; };
		C5B37809282AC071009365E2 /* PracticeTimer.entitlements */ = {isa = PBXFileReference; lastKnownFileType = text.plist.entitlements; path = PracticeTimer.entitlements; sourceTree = "<group>"; };
		C5CA1FE6284D3C0300179692 /* RealmManager.swift */ = {isa = PBXFileReference; lastKnownFileType = sourcecode.swift; path = RealmManager.swift; sourceTree = "<group>"; };
		C5DFEBB4285C926800AB9239 /* SessionRow.swift */ = {isa = PBXFileReference; lastKnownFileType = sourcecode.swift; path = SessionRow.swift; sourceTree = "<group>"; };
		C5EE29FE281DB50800F1FD2F /* Muso Practice Timer.app */ = {isa = PBXFileReference; explicitFileType = wrapper.application; includeInIndex = 0; path = "Muso Practice Timer.app"; sourceTree = BUILT_PRODUCTS_DIR; };
		C5EE2A01281DB50800F1FD2F /* PracticeTimerApp.swift */ = {isa = PBXFileReference; lastKnownFileType = sourcecode.swift; path = PracticeTimerApp.swift; sourceTree = "<group>"; };
		C5EE2A03281DB50800F1FD2F /* ContentView.swift */ = {isa = PBXFileReference; lastKnownFileType = sourcecode.swift; path = ContentView.swift; sourceTree = "<group>"; };
		C5EE2A05281DB50C00F1FD2F /* Assets.xcassets */ = {isa = PBXFileReference; lastKnownFileType = folder.assetcatalog; path = Assets.xcassets; sourceTree = "<group>"; };
		C5EE2A08281DB50C00F1FD2F /* Preview Assets.xcassets */ = {isa = PBXFileReference; lastKnownFileType = folder.assetcatalog; path = "Preview Assets.xcassets"; sourceTree = "<group>"; };
		C5EE2A0F282115E300F1FD2F /* Controller.swift */ = {isa = PBXFileReference; lastKnownFileType = sourcecode.swift; path = Controller.swift; sourceTree = "<group>"; };
		C765EA27667BD17CFAD4F546 /* Pods-PracticeTimer.release.xcconfig */ = {isa = PBXFileReference; includeInIndex = 1; lastKnownFileType = text.xcconfig; name = "Pods-PracticeTimer.release.xcconfig"; path = "Target Support Files/Pods-PracticeTimer/Pods-PracticeTimer.release.xcconfig"; sourceTree = "<group>"; };
		CA2F7030AB6244800BA40C4B /* Pods_PracticeTimer.framework */ = {isa = PBXFileReference; explicitFileType = wrapper.framework; includeInIndex = 0; path = Pods_PracticeTimer.framework; sourceTree = BUILT_PRODUCTS_DIR; };
/* End PBXFileReference section */

/* Begin PBXFrameworksBuildPhase section */
		C5EE29FB281DB50800F1FD2F /* Frameworks */ = {
			isa = PBXFrameworksBuildPhase;
			buildActionMask = 2147483647;
			files = (
				547CD83B600924AB9F0A7791 /* Pods_PracticeTimer.framework in Frameworks */,
			);
			runOnlyForDeploymentPostprocessing = 0;
		};
/* End PBXFrameworksBuildPhase section */

/* Begin PBXGroup section */
		55304ECDD0CF0498080969A7 /* Frameworks */ = {
			isa = PBXGroup;
			children = (
				CA2F7030AB6244800BA40C4B /* Pods_PracticeTimer.framework */,
			);
			name = Frameworks;
			sourceTree = "<group>";
		};
		C51D3D1E2827E5250030ED16 /* Views */ = {
			isa = PBXGroup;
			children = (
				C5EE2A03281DB50800F1FD2F /* ContentView.swift */,
				C51D3D1F2827E53D0030ED16 /* PauseView.swift */,
				C56179EA282BA6DC00844D80 /* SettingsView.swift */,
				C56179EE282BEF0100844D80 /* ActivityCardView.swift */,
				C52C97CC282DB46600DF96EB /* ActivityView.swift */,
				C516FCE228357B170068EA05 /* IntervalRow.swift */,
				C56E747D283983EB00C38D5D /* ScheduleView.swift */,
				C58C632128626443005DB0C3 /* MainView.swift */,
			);
			path = Views;
			sourceTree = "<group>";
		};
		C58C632328626504005DB0C3 /* Components */ = {
			isa = PBXGroup;
			children = (
				C56179EC282BA75600844D80 /* Components.swift */,
				C516FCE4283582470068EA05 /* AddInterval.swift */,
				C5DFEBB4285C926800AB9239 /* SessionRow.swift */,
				C59397AC28522547009C4D6D /* SlotRow.swift */,
			);
			path = Components;
			sourceTree = "<group>";
		};
		C5EE29F5281DB50800F1FD2F = {
			isa = PBXGroup;
			children = (
				C5EE2A00281DB50800F1FD2F /* PracticeTimer */,
				C5EE29FF281DB50800F1FD2F /* Products */,
				FA0C2C0CB0FEB2706AAC6ABD /* Pods */,
				55304ECDD0CF0498080969A7 /* Frameworks */,
			);
			sourceTree = "<group>";
		};
		C5EE29FF281DB50800F1FD2F /* Products */ = {
			isa = PBXGroup;
			children = (
				C5EE29FE281DB50800F1FD2F /* Muso Practice Timer.app */,
			);
			name = Products;
			sourceTree = "<group>";
		};
		C5EE2A00281DB50800F1FD2F /* PracticeTimer */ = {
			isa = PBXGroup;
			children = (
				C58C632328626504005DB0C3 /* Components */,
				C5B37809282AC071009365E2 /* PracticeTimer.entitlements */,
				C51D3D1E2827E5250030ED16 /* Views */,
				C5EE2A01281DB50800F1FD2F /* PracticeTimerApp.swift */,
				C5EE2A05281DB50C00F1FD2F /* Assets.xcassets */,
				C5EE2A07281DB50C00F1FD2F /* Preview Content */,
				C5EE2A0F282115E300F1FD2F /* Controller.swift */,
				C51D3D21282A53460030ED16 /* Tools.swift */,
				C54F0B4B282A83D80091E04F /* SoundPlayer.swift */,
				C54F0B4E282A83FC0091E04F /* longBeep.wav */,
				C54F0B50282A84070091E04F /* shortBeep.wav */,
				C516FCBA28318E020068EA05 /* Jobs */,
				C5CA1FE6284D3C0300179692 /* RealmManager.swift */,
			);
			path = PracticeTimer;
			sourceTree = "<group>";
		};
		C5EE2A07281DB50C00F1FD2F /* Preview Content */ = {
			isa = PBXGroup;
			children = (
				C5EE2A08281DB50C00F1FD2F /* Preview Assets.xcassets */,
			);
			path = "Preview Content";
			sourceTree = "<group>";
		};
		FA0C2C0CB0FEB2706AAC6ABD /* Pods */ = {
			isa = PBXGroup;
			children = (
				2F2D4609B2E111A61A70E4AE /* Pods-PracticeTimer.debug.xcconfig */,
				C765EA27667BD17CFAD4F546 /* Pods-PracticeTimer.release.xcconfig */,
			);
			path = Pods;
			sourceTree = "<group>";
		};
/* End PBXGroup section */

/* Begin PBXNativeTarget section */
		C5EE29FD281DB50800F1FD2F /* PracticeTimer */ = {
			isa = PBXNativeTarget;
			buildConfigurationList = C5EE2A0C281DB50C00F1FD2F /* Build configuration list for PBXNativeTarget "PracticeTimer" */;
			buildPhases = (
				7BEF43EE45B31D37219B008B /* [CP] Check Pods Manifest.lock */,
				C5EE29FA281DB50800F1FD2F /* Sources */,
				C5EE29FB281DB50800F1FD2F /* Frameworks */,
				C5EE29FC281DB50800F1FD2F /* Resources */,
				9D58145F37281AD5C7DAD9E5 /* [CP] Embed Pods Frameworks */,
			);
			buildRules = (
			);
			dependencies = (
			);
			name = PracticeTimer;
			productName = PracticeTimer;
			productReference = C5EE29FE281DB50800F1FD2F /* Muso Practice Timer.app */;
			productType = "com.apple.product-type.application";
		};
/* End PBXNativeTarget section */

/* Begin PBXProject section */
		C5EE29F6281DB50800F1FD2F /* Project object */ = {
			isa = PBXProject;
			attributes = {
				BuildIndependentTargetsInParallel = 1;
				LastSwiftUpdateCheck = 1330;
				LastUpgradeCheck = 1330;
				TargetAttributes = {
					C5EE29FD281DB50800F1FD2F = {
						CreatedOnToolsVersion = 13.3.1;
					};
				};
			};
			buildConfigurationList = C5EE29F9281DB50800F1FD2F /* Build configuration list for PBXProject "PracticeTimer" */;
			compatibilityVersion = "Xcode 13.0";
			developmentRegion = en;
			hasScannedForEncodings = 0;
			knownRegions = (
				en,
				Base,
			);
			mainGroup = C5EE29F5281DB50800F1FD2F;
			productRefGroup = C5EE29FF281DB50800F1FD2F /* Products */;
			projectDirPath = "";
			projectRoot = "";
			targets = (
				C5EE29FD281DB50800F1FD2F /* PracticeTimer */,
			);
		};
/* End PBXProject section */

/* Begin PBXResourcesBuildPhase section */
		C5EE29FC281DB50800F1FD2F /* Resources */ = {
			isa = PBXResourcesBuildPhase;
			buildActionMask = 2147483647;
			files = (
				C5EE2A09281DB50C00F1FD2F /* Preview Assets.xcassets in Resources */,
				C54F0B51282A84070091E04F /* shortBeep.wav in Resources */,
				C54F0B4F282A83FC0091E04F /* longBeep.wav in Resources */,
				C5EE2A06281DB50C00F1FD2F /* Assets.xcassets in Resources */,
				C516FCBB28318E020068EA05 /* Jobs in Resources */,
			);
			runOnlyForDeploymentPostprocessing = 0;
		};
/* End PBXResourcesBuildPhase section */

/* Begin PBXShellScriptBuildPhase section */
		7BEF43EE45B31D37219B008B /* [CP] Check Pods Manifest.lock */ = {
			isa = PBXShellScriptBuildPhase;
			buildActionMask = 2147483647;
			files = (
			);
			inputFileListPaths = (
			);
			inputPaths = (
				"${PODS_PODFILE_DIR_PATH}/Podfile.lock",
				"${PODS_ROOT}/Manifest.lock",
			);
			name = "[CP] Check Pods Manifest.lock";
			outputFileListPaths = (
			);
			outputPaths = (
				"$(DERIVED_FILE_DIR)/Pods-PracticeTimer-checkManifestLockResult.txt",
			);
			runOnlyForDeploymentPostprocessing = 0;
			shellPath = /bin/sh;
			shellScript = "diff \"${PODS_PODFILE_DIR_PATH}/Podfile.lock\" \"${PODS_ROOT}/Manifest.lock\" > /dev/null\nif [ $? != 0 ] ; then\n    # print error to STDERR\n    echo \"error: The sandbox is not in sync with the Podfile.lock. Run 'pod install' or update your CocoaPods installation.\" >&2\n    exit 1\nfi\n# This output is used by Xcode 'outputs' to avoid re-running this script phase.\necho \"SUCCESS\" > \"${SCRIPT_OUTPUT_FILE_0}\"\n";
			showEnvVarsInLog = 0;
		};
		9D58145F37281AD5C7DAD9E5 /* [CP] Embed Pods Frameworks */ = {
			isa = PBXShellScriptBuildPhase;
			buildActionMask = 2147483647;
			files = (
			);
			inputFileListPaths = (
				"${PODS_ROOT}/Target Support Files/Pods-PracticeTimer/Pods-PracticeTimer-frameworks-${CONFIGURATION}-input-files.xcfilelist",
			);
			name = "[CP] Embed Pods Frameworks";
			outputFileListPaths = (
				"${PODS_ROOT}/Target Support Files/Pods-PracticeTimer/Pods-PracticeTimer-frameworks-${CONFIGURATION}-output-files.xcfilelist",
			);
			runOnlyForDeploymentPostprocessing = 0;
			shellPath = /bin/sh;
			shellScript = "\"${PODS_ROOT}/Target Support Files/Pods-PracticeTimer/Pods-PracticeTimer-frameworks.sh\"\n";
			showEnvVarsInLog = 0;
		};
/* End PBXShellScriptBuildPhase section */

/* Begin PBXSourcesBuildPhase section */
		C5EE29FA281DB50800F1FD2F /* Sources */ = {
			isa = PBXSourcesBuildPhase;
			buildActionMask = 2147483647;
			files = (
				C52C97CD282DB46600DF96EB /* ActivityView.swift in Sources */,
				C58C632228626443005DB0C3 /* MainView.swift in Sources */,
				C56179EB282BA6DC00844D80 /* SettingsView.swift in Sources */,
				C56179ED282BA75600844D80 /* Components.swift in Sources */,
				C5DFEBB5285C926800AB9239 /* SessionRow.swift in Sources */,
				C5EE2A10282115E300F1FD2F /* Controller.swift in Sources */,
				C59397AD28522547009C4D6D /* SlotRow.swift in Sources */,
				C54F0B4C282A83D80091E04F /* SoundPlayer.swift in Sources */,
				C56E747E283983EB00C38D5D /* ScheduleView.swift in Sources */,
				C5EE2A04281DB50800F1FD2F /* ContentView.swift in Sources */,
				C5EE2A02281DB50800F1FD2F /* PracticeTimerApp.swift in Sources */,
				C56179EF282BEF0100844D80 /* ActivityCardView.swift in Sources */,
				C51D3D202827E53D0030ED16 /* PauseView.swift in Sources */,
				C51D3D22282A53460030ED16 /* Tools.swift in Sources */,
				C5CA1FE7284D3C0300179692 /* RealmManager.swift in Sources */,
				C516FCE5283582470068EA05 /* AddInterval.swift in Sources */,
				C516FCE328357B170068EA05 /* IntervalRow.swift in Sources */,
			);
			runOnlyForDeploymentPostprocessing = 0;
		};
/* End PBXSourcesBuildPhase section */

/* Begin XCBuildConfiguration section */
		C5EE2A0A281DB50C00F1FD2F /* Debug */ = {
			isa = XCBuildConfiguration;
			buildSettings = {
				ALWAYS_SEARCH_USER_PATHS = NO;
				CLANG_ANALYZER_NONNULL = YES;
				CLANG_ANALYZER_NUMBER_OBJECT_CONVERSION = YES_AGGRESSIVE;
				CLANG_CXX_LANGUAGE_STANDARD = "gnu++17";
				CLANG_ENABLE_MODULES = YES;
				CLANG_ENABLE_OBJC_ARC = YES;
				CLANG_ENABLE_OBJC_WEAK = YES;
				CLANG_WARN_BLOCK_CAPTURE_AUTORELEASING = YES;
				CLANG_WARN_BOOL_CONVERSION = YES;
				CLANG_WARN_COMMA = YES;
				CLANG_WARN_CONSTANT_CONVERSION = YES;
				CLANG_WARN_DEPRECATED_OBJC_IMPLEMENTATIONS = YES;
				CLANG_WARN_DIRECT_OBJC_ISA_USAGE = YES_ERROR;
				CLANG_WARN_DOCUMENTATION_COMMENTS = YES;
				CLANG_WARN_EMPTY_BODY = YES;
				CLANG_WARN_ENUM_CONVERSION = YES;
				CLANG_WARN_INFINITE_RECURSION = YES;
				CLANG_WARN_INT_CONVERSION = YES;
				CLANG_WARN_NON_LITERAL_NULL_CONVERSION = YES;
				CLANG_WARN_OBJC_IMPLICIT_RETAIN_SELF = YES;
				CLANG_WARN_OBJC_LITERAL_CONVERSION = YES;
				CLANG_WARN_OBJC_ROOT_CLASS = YES_ERROR;
				CLANG_WARN_QUOTED_INCLUDE_IN_FRAMEWORK_HEADER = YES;
				CLANG_WARN_RANGE_LOOP_ANALYSIS = YES;
				CLANG_WARN_STRICT_PROTOTYPES = YES;
				CLANG_WARN_SUSPICIOUS_MOVE = YES;
				CLANG_WARN_UNGUARDED_AVAILABILITY = YES_AGGRESSIVE;
				CLANG_WARN_UNREACHABLE_CODE = YES;
				CLANG_WARN__DUPLICATE_METHOD_MATCH = YES;
				COPY_PHASE_STRIP = NO;
				DEBUG_INFORMATION_FORMAT = dwarf;
				ENABLE_STRICT_OBJC_MSGSEND = YES;
				ENABLE_TESTABILITY = YES;
				GCC_C_LANGUAGE_STANDARD = gnu11;
				GCC_DYNAMIC_NO_PIC = NO;
				GCC_NO_COMMON_BLOCKS = YES;
				GCC_OPTIMIZATION_LEVEL = 0;
				GCC_PREPROCESSOR_DEFINITIONS = (
					"DEBUG=1",
					"$(inherited)",
				);
				GCC_WARN_64_TO_32_BIT_CONVERSION = YES;
				GCC_WARN_ABOUT_RETURN_TYPE = YES_ERROR;
				GCC_WARN_UNDECLARED_SELECTOR = YES;
				GCC_WARN_UNINITIALIZED_AUTOS = YES_AGGRESSIVE;
				GCC_WARN_UNUSED_FUNCTION = YES;
				GCC_WARN_UNUSED_VARIABLE = YES;
				IPHONEOS_DEPLOYMENT_TARGET = 15.4;
				MTL_ENABLE_DEBUG_INFO = INCLUDE_SOURCE;
				MTL_FAST_MATH = YES;
				ONLY_ACTIVE_ARCH = YES;
				SDKROOT = iphoneos;
				SWIFT_ACTIVE_COMPILATION_CONDITIONS = DEBUG;
				SWIFT_OPTIMIZATION_LEVEL = "-Onone";
			};
			name = Debug;
		};
		C5EE2A0B281DB50C00F1FD2F /* Release */ = {
			isa = XCBuildConfiguration;
			buildSettings = {
				ALWAYS_SEARCH_USER_PATHS = NO;
				CLANG_ANALYZER_NONNULL = YES;
				CLANG_ANALYZER_NUMBER_OBJECT_CONVERSION = YES_AGGRESSIVE;
				CLANG_CXX_LANGUAGE_STANDARD = "gnu++17";
				CLANG_ENABLE_MODULES = YES;
				CLANG_ENABLE_OBJC_ARC = YES;
				CLANG_ENABLE_OBJC_WEAK = YES;
				CLANG_WARN_BLOCK_CAPTURE_AUTORELEASING = YES;
				CLANG_WARN_BOOL_CONVERSION = YES;
				CLANG_WARN_COMMA = YES;
				CLANG_WARN_CONSTANT_CONVERSION = YES;
				CLANG_WARN_DEPRECATED_OBJC_IMPLEMENTATIONS = YES;
				CLANG_WARN_DIRECT_OBJC_ISA_USAGE = YES_ERROR;
				CLANG_WARN_DOCUMENTATION_COMMENTS = YES;
				CLANG_WARN_EMPTY_BODY = YES;
				CLANG_WARN_ENUM_CONVERSION = YES;
				CLANG_WARN_INFINITE_RECURSION = YES;
				CLANG_WARN_INT_CONVERSION = YES;
				CLANG_WARN_NON_LITERAL_NULL_CONVERSION = YES;
				CLANG_WARN_OBJC_IMPLICIT_RETAIN_SELF = YES;
				CLANG_WARN_OBJC_LITERAL_CONVERSION = YES;
				CLANG_WARN_OBJC_ROOT_CLASS = YES_ERROR;
				CLANG_WARN_QUOTED_INCLUDE_IN_FRAMEWORK_HEADER = YES;
				CLANG_WARN_RANGE_LOOP_ANALYSIS = YES;
				CLANG_WARN_STRICT_PROTOTYPES = YES;
				CLANG_WARN_SUSPICIOUS_MOVE = YES;
				CLANG_WARN_UNGUARDED_AVAILABILITY = YES_AGGRESSIVE;
				CLANG_WARN_UNREACHABLE_CODE = YES;
				CLANG_WARN__DUPLICATE_METHOD_MATCH = YES;
				COPY_PHASE_STRIP = NO;
				DEBUG_INFORMATION_FORMAT = "dwarf-with-dsym";
				ENABLE_NS_ASSERTIONS = NO;
				ENABLE_STRICT_OBJC_MSGSEND = YES;
				GCC_C_LANGUAGE_STANDARD = gnu11;
				GCC_NO_COMMON_BLOCKS = YES;
				GCC_WARN_64_TO_32_BIT_CONVERSION = YES;
				GCC_WARN_ABOUT_RETURN_TYPE = YES_ERROR;
				GCC_WARN_UNDECLARED_SELECTOR = YES;
				GCC_WARN_UNINITIALIZED_AUTOS = YES_AGGRESSIVE;
				GCC_WARN_UNUSED_FUNCTION = YES;
				GCC_WARN_UNUSED_VARIABLE = YES;
				IPHONEOS_DEPLOYMENT_TARGET = 15.4;
				MTL_ENABLE_DEBUG_INFO = NO;
				MTL_FAST_MATH = YES;
				SDKROOT = iphoneos;
				SWIFT_COMPILATION_MODE = wholemodule;
				SWIFT_OPTIMIZATION_LEVEL = "-O";
				VALIDATE_PRODUCT = YES;
			};
			name = Release;
		};
		C5EE2A0D281DB50C00F1FD2F /* Debug */ = {
			isa = XCBuildConfiguration;
			baseConfigurationReference = 2F2D4609B2E111A61A70E4AE /* Pods-PracticeTimer.debug.xcconfig */;
			buildSettings = {
				ASSETCATALOG_COMPILER_APPICON_NAME = AppIcon;
				ASSETCATALOG_COMPILER_GLOBAL_ACCENT_COLOR_NAME = AccentColor;
				CODE_SIGN_ENTITLEMENTS = PracticeTimer/PracticeTimer.entitlements;
				CODE_SIGN_STYLE = Automatic;
				CURRENT_PROJECT_VERSION = 5;
				DEVELOPMENT_ASSET_PATHS = "\"PracticeTimer/Preview Content\"";
				DEVELOPMENT_TEAM = V4DPA4RA3P;
				ENABLE_PREVIEWS = YES;
				GENERATE_INFOPLIST_FILE = YES;
				INFOPLIST_KEY_LSApplicationCategoryType = "public.app-category.music";
				INFOPLIST_KEY_UIApplicationSceneManifest_Generation = YES;
				INFOPLIST_KEY_UIApplicationSupportsIndirectInputEvents = YES;
				INFOPLIST_KEY_UILaunchScreen_Generation = YES;
				INFOPLIST_KEY_UISupportedInterfaceOrientations_iPad = "UIInterfaceOrientationPortrait UIInterfaceOrientationPortraitUpsideDown UIInterfaceOrientationLandscapeLeft UIInterfaceOrientationLandscapeRight";
				INFOPLIST_KEY_UISupportedInterfaceOrientations_iPhone = "UIInterfaceOrientationPortrait UIInterfaceOrientationLandscapeLeft UIInterfaceOrientationLandscapeRight";
				IPHONEOS_DEPLOYMENT_TARGET = 15.0;
				LD_RUNPATH_SEARCH_PATHS = (
					"$(inherited)",
					"@executable_path/Frameworks",
				);
				MARKETING_VERSION = 0.2.0;
				PRODUCT_BUNDLE_IDENTIFIER = com.weststreetgamestudios.PracticeTimer;
				PRODUCT_NAME = "Muso Practice Timer";
				SUPPORTS_MACCATALYST = NO;
				SWIFT_EMIT_LOC_STRINGS = YES;
				SWIFT_VERSION = 5.0;
				TARGETED_DEVICE_FAMILY = "1,2";
			};
			name = Debug;
		};
		C5EE2A0E281DB50C00F1FD2F /* Release */ = {
			isa = XCBuildConfiguration;
			baseConfigurationReference = C765EA27667BD17CFAD4F546 /* Pods-PracticeTimer.release.xcconfig */;
			buildSettings = {
				ASSETCATALOG_COMPILER_APPICON_NAME = AppIcon;
				ASSETCATALOG_COMPILER_GLOBAL_ACCENT_COLOR_NAME = AccentColor;
				CODE_SIGN_ENTITLEMENTS = PracticeTimer/PracticeTimer.entitlements;
				CODE_SIGN_STYLE = Automatic;
				CURRENT_PROJECT_VERSION = 5;
				DEVELOPMENT_ASSET_PATHS = "\"PracticeTimer/Preview Content\"";
				DEVELOPMENT_TEAM = V4DPA4RA3P;
				ENABLE_PREVIEWS = YES;
				GENERATE_INFOPLIST_FILE = YES;
				INFOPLIST_KEY_LSApplicationCategoryType = "public.app-category.music";
				INFOPLIST_KEY_UIApplicationSceneManifest_Generation = YES;
				INFOPLIST_KEY_UIApplicationSupportsIndirectInputEvents = YES;
				INFOPLIST_KEY_UILaunchScreen_Generation = YES;
				INFOPLIST_KEY_UISupportedInterfaceOrientations_iPad = "UIInterfaceOrientationPortrait UIInterfaceOrientationPortraitUpsideDown UIInterfaceOrientationLandscapeLeft UIInterfaceOrientationLandscapeRight";
				INFOPLIST_KEY_UISupportedInterfaceOrientations_iPhone = "UIInterfaceOrientationPortrait UIInterfaceOrientationLandscapeLeft UIInterfaceOrientationLandscapeRight";
				IPHONEOS_DEPLOYMENT_TARGET = 15.0;
				LD_RUNPATH_SEARCH_PATHS = (
					"$(inherited)",
					"@executable_path/Frameworks",
				);
				MARKETING_VERSION = 0.2.0;
				PRODUCT_BUNDLE_IDENTIFIER = com.weststreetgamestudios.PracticeTimer;
				PRODUCT_NAME = "Muso Practice Timer";
				SUPPORTS_MACCATALYST = NO;
				SWIFT_EMIT_LOC_STRINGS = YES;
				SWIFT_VERSION = 5.0;
				TARGETED_DEVICE_FAMILY = "1,2";
			};
			name = Release;
		};
/* End XCBuildConfiguration section */

/* Begin XCConfigurationList section */
		C5EE29F9281DB50800F1FD2F /* Build configuration list for PBXProject "PracticeTimer" */ = {
			isa = XCConfigurationList;
			buildConfigurations = (
				C5EE2A0A281DB50C00F1FD2F /* Debug */,
				C5EE2A0B281DB50C00F1FD2F /* Release */,
			);
			defaultConfigurationIsVisible = 0;
			defaultConfigurationName = Release;
		};
		C5EE2A0C281DB50C00F1FD2F /* Build configuration list for PBXNativeTarget "PracticeTimer" */ = {
			isa = XCConfigurationList;
			buildConfigurations = (
				C5EE2A0D281DB50C00F1FD2F /* Debug */,
				C5EE2A0E281DB50C00F1FD2F /* Release */,
			);
			defaultConfigurationIsVisible = 0;
			defaultConfigurationName = Release;
		};
/* End XCConfigurationList section */
	};
	rootObject = C5EE29F6281DB50800F1FD2F /* Project object */;
}
